
Microsoft Visual Studio Solution File, Format Version 12.00
# Visual Studio Version 17
VisualStudioVersion = 17.9.34723.18
MinimumVisualStudioVersion = 10.0.40219.1
Project("{9A19103F-16F7-4668-BE54-9A1E7A4F7556}") = "TCPoc.Server", "TCPoc.Network\TCPoc.Server.csproj", "{324E2184-20AD-4ABA-BB2F-B97CC61E6A59}"
EndProject
Project("{FAE04EC0-301F-11D3-BF4B-00C04F79EFBC}") = "TCPoc.Shared", "TCPoc.Shared\TCPoc.Shared.csproj", "{873DCB27-AC02-4D8D-8099-C0412AA08139}"
EndProject
Project("{FAE04EC0-301F-11D3-BF4B-00C04F79EFBC}") = "TCPoc.Client", "TCPoc.Client\TCPoc.Client.csproj", "{BFE70071-54CA-4C84-B942-3755D6CE701B}"
EndProject
Global
	GlobalSection(SolutionConfigurationPlatforms) = preSolution
		Debug|Any CPU = Debug|Any CPU
		Release|Any CPU = Release|Any CPU
	EndGlobalSection
	GlobalSection(ProjectConfigurationPlatforms) = postSolution
		{324E2184-20AD-4ABA-BB2F-B97CC61E6A59}.Debug|Any CPU.ActiveCfg = Debug|Any CPU
		{324E2184-20AD-4ABA-BB2F-B97CC61E6A59}.Debug|Any CPU.Build.0 = Debug|Any CPU
		{324E2184-20AD-4ABA-BB2F-B97CC61E6A59}.Release|Any CPU.ActiveCfg = Release|Any CPU
		{324E2184-20AD-4ABA-BB2F-B97CC61E6A59}.Release|Any CPU.Build.0 = Release|Any CPU
		{873DCB27-AC02-4D8D-8099-C0412AA08139}.Debug|Any CPU.ActiveCfg = Debug|Any CPU
		{873DCB27-AC02-4D8D-8099-C0412AA08139}.Debug|Any CPU.Build.0 = Debug|Any CPU
		{873DCB27-AC02-4D8D-8099-C0412AA08139}.Release|Any CPU.ActiveCfg = Release|Any CPU
		{873DCB27-AC02-4D8D-8099-C0412AA08139}.Release|Any CPU.Build.0 = Release|Any CPU
		{BFE70071-54CA-4C84-B942-3755D6CE701B}.Debug|Any CPU.ActiveCfg = Debug|Any CPU
		{BFE70071-54CA-4C84-B942-3755D6CE701B}.Debug|Any CPU.Build.0 = Debug|Any CPU
		{BFE70071-54CA-4C84-B942-3755D6CE701B}.Release|Any CPU.ActiveCfg = Release|Any CPU
		{BFE70071-54CA-4C84-B942-3755D6CE701B}.Release|Any CPU.Build.0 = Release|Any CPU
	EndGlobalSection
	GlobalSection(SolutionProperties) = preSolution
		HideSolutionNode = FALSE
	EndGlobalSection
	GlobalSection(ExtensibilityGlobals) = postSolution
		SolutionGuid = {F36D7E0C-8B46-491A-9887-3484498C122E}
	EndGlobalSection
EndGlobal
